// !$*UTF8*$!
{
	archiveVersion = 1;
	classes = {
	};
	objectVersion = 46;
	objects = {

/* Begin PBXBuildFile section */
		7087D0791E8EFB58004B117D /* MediaPlayer.framework in Frameworks */ = {isa = PBXBuildFile; fileRef = 7087D0781E8EFB58004B117D /* MediaPlayer.framework */; };
		7087D07B1E8EFB80004B117D /* KiipSDKResources.bundle in Resources */ = {isa = PBXBuildFile; fileRef = 7087D07A1E8EFB80004B117D /* KiipSDKResources.bundle */; };
		EEB9CEC817692BD800D4D5F3 /* AdSupport.framework in Frameworks */ = {isa = PBXBuildFile; fileRef = EEB9CEC717692BD800D4D5F3 /* AdSupport.framework */; };
		EEBDC8A717C2C3DB008F195C /* PassKit.framework in Frameworks */ = {isa = PBXBuildFile; fileRef = EEBDC8A617C2C3DB008F195C /* PassKit.framework */; };
		EECF7F95162FA23E00B92B7E /* UIKit.framework in Frameworks */ = {isa = PBXBuildFile; fileRef = EECF7F94162FA23E00B92B7E /* UIKit.framework */; };
		EECF7F97162FA23E00B92B7E /* Foundation.framework in Frameworks */ = {isa = PBXBuildFile; fileRef = EECF7F96162FA23E00B92B7E /* Foundation.framework */; };
		EECF7F99162FA23E00B92B7E /* CoreGraphics.framework in Frameworks */ = {isa = PBXBuildFile; fileRef = EECF7F98162FA23E00B92B7E /* CoreGraphics.framework */; };
		EECF7F9F162FA23E00B92B7E /* InfoPlist.strings in Resources */ = {isa = PBXBuildFile; fileRef = EECF7F9D162FA23E00B92B7E /* InfoPlist.strings */; };
		EECF7FA1162FA23E00B92B7E /* main.m in Sources */ = {isa = PBXBuildFile; fileRef = EECF7FA0162FA23E00B92B7E /* main.m */; };
		EECF7FA5162FA23E00B92B7E /* SampleAppDelegate.m in Sources */ = {isa = PBXBuildFile; fileRef = EECF7FA4162FA23E00B92B7E /* SampleAppDelegate.m */; };
		EECF7FA7162FA23E00B92B7E /* Default.png in Resources */ = {isa = PBXBuildFile; fileRef = EECF7FA6162FA23E00B92B7E /* Default.png */; };
		EECF7FA9162FA23F00B92B7E /* Default@2x.png in Resources */ = {isa = PBXBuildFile; fileRef = EECF7FA8162FA23F00B92B7E /* Default@2x.png */; };
		EECF7FAB162FA23F00B92B7E /* Default-568h@2x.png in Resources */ = {isa = PBXBuildFile; fileRef = EECF7FAA162FA23F00B92B7E /* Default-568h@2x.png */; };
		EECF7FAE162FA23F00B92B7E /* SampleViewController.m in Sources */ = {isa = PBXBuildFile; fileRef = EECF7FAD162FA23F00B92B7E /* SampleViewController.m */; };
		EECF7FB1162FA23F00B92B7E /* SampleViewController.xib in Resources */ = {isa = PBXBuildFile; fileRef = EECF7FAF162FA23F00B92B7E /* SampleViewController.xib */; };
		EECF7FC2162FA4DF00B92B7E /* CoreTelephony.framework in Frameworks */ = {isa = PBXBuildFile; fileRef = EECF7FC1162FA4DF00B92B7E /* CoreTelephony.framework */; };
		EECF7FC4162FA4E600B92B7E /* QuartzCore.framework in Frameworks */ = {isa = PBXBuildFile; fileRef = EECF7FC3162FA4E600B92B7E /* QuartzCore.framework */; };
		EECF7FC6162FA4EB00B92B7E /* SystemConfiguration.framework in Frameworks */ = {isa = PBXBuildFile; fileRef = EECF7FC5162FA4EB00B92B7E /* SystemConfiguration.framework */; };
		EEEE83F8165466F70087765A /* KiipSDK.framework in Frameworks */ = {isa = PBXBuildFile; fileRef = EECF7FBE162FA43E00B92B7E /* KiipSDK.framework */; };
/* End PBXBuildFile section */

/* Begin PBXFileReference section */
		7087D0761E8EFAB2004B117D /* CoreMedia.framework */ = {isa = PBXFileReference; lastKnownFileType = wrapper.framework; name = CoreMedia.framework; path = System/Library/Frameworks/CoreMedia.framework; sourceTree = SDKROOT; };
		7087D0781E8EFB58004B117D /* MediaPlayer.framework */ = {isa = PBXFileReference; lastKnownFileType = wrapper.framework; name = MediaPlayer.framework; path = System/Library/Frameworks/MediaPlayer.framework; sourceTree = SDKROOT; };
		7087D07A1E8EFB80004B117D /* KiipSDKResources.bundle */ = {isa = PBXFileReference; lastKnownFileType = "wrapper.plug-in"; name = KiipSDKResources.bundle; path = ../KiipSDKResources.bundle; sourceTree = "<group>"; };
		EEB9CEC717692BD800D4D5F3 /* AdSupport.framework */ = {isa = PBXFileReference; lastKnownFileType = wrapper.framework; name = AdSupport.framework; path = System/Library/Frameworks/AdSupport.framework; sourceTree = SDKROOT; };
		EEBDC8A617C2C3DB008F195C /* PassKit.framework */ = {isa = PBXFileReference; lastKnownFileType = wrapper.framework; name = PassKit.framework; path = System/Library/Frameworks/PassKit.framework; sourceTree = SDKROOT; };
		EECF7F90162FA23E00B92B7E /* SimpleSample.app */ = {isa = PBXFileReference; explicitFileType = wrapper.application; includeInIndex = 0; path = SimpleSample.app; sourceTree = BUILT_PRODUCTS_DIR; };
		EECF7F94162FA23E00B92B7E /* UIKit.framework */ = {isa = PBXFileReference; lastKnownFileType = wrapper.framework; name = UIKit.framework; path = System/Library/Frameworks/UIKit.framework; sourceTree = SDKROOT; };
		EECF7F96162FA23E00B92B7E /* Foundation.framework */ = {isa = PBXFileReference; lastKnownFileType = wrapper.framework; name = Foundation.framework; path = System/Library/Frameworks/Foundation.framework; sourceTree = SDKROOT; };
		EECF7F98162FA23E00B92B7E /* CoreGraphics.framework */ = {isa = PBXFileReference; lastKnownFileType = wrapper.framework; name = CoreGraphics.framework; path = System/Library/Frameworks/CoreGraphics.framework; sourceTree = SDKROOT; };
		EECF7F9C162FA23E00B92B7E /* SimpleSample-Info.plist */ = {isa = PBXFileReference; lastKnownFileType = text.plist.xml; path = "SimpleSample-Info.plist"; sourceTree = "<group>"; };
		EECF7F9E162FA23E00B92B7E /* en */ = {isa = PBXFileReference; lastKnownFileType = text.plist.strings; name = en; path = en.lproj/InfoPlist.strings; sourceTree = "<group>"; };
		EECF7FA0162FA23E00B92B7E /* main.m */ = {isa = PBXFileReference; lastKnownFileType = sourcecode.c.objc; path = main.m; sourceTree = "<group>"; };
		EECF7FA2162FA23E00B92B7E /* SimpleSample-Prefix.pch */ = {isa = PBXFileReference; lastKnownFileType = sourcecode.c.h; path = "SimpleSample-Prefix.pch"; sourceTree = "<group>"; };
		EECF7FA3162FA23E00B92B7E /* SampleAppDelegate.h */ = {isa = PBXFileReference; lastKnownFileType = sourcecode.c.h; path = SampleAppDelegate.h; sourceTree = "<group>"; };
		EECF7FA4162FA23E00B92B7E /* SampleAppDelegate.m */ = {isa = PBXFileReference; lastKnownFileType = sourcecode.c.objc; path = SampleAppDelegate.m; sourceTree = "<group>"; };
		EECF7FA6162FA23E00B92B7E /* Default.png */ = {isa = PBXFileReference; lastKnownFileType = image.png; path = Default.png; sourceTree = "<group>"; };
		EECF7FA8162FA23F00B92B7E /* Default@2x.png */ = {isa = PBXFileReference; lastKnownFileType = image.png; path = "Default@2x.png"; sourceTree = "<group>"; };
		EECF7FAA162FA23F00B92B7E /* Default-568h@2x.png */ = {isa = PBXFileReference; lastKnownFileType = image.png; path = "Default-568h@2x.png"; sourceTree = "<group>"; };
		EECF7FAC162FA23F00B92B7E /* SampleViewController.h */ = {isa = PBXFileReference; lastKnownFileType = sourcecode.c.h; path = SampleViewController.h; sourceTree = "<group>"; };
		EECF7FAD162FA23F00B92B7E /* SampleViewController.m */ = {isa = PBXFileReference; lastKnownFileType = sourcecode.c.objc; path = SampleViewController.m; sourceTree = "<group>"; };
		EECF7FB0162FA23F00B92B7E /* en */ = {isa = PBXFileReference; lastKnownFileType = file.xib; name = en; path = en.lproj/SampleViewController.xib; sourceTree = "<group>"; };
		EECF7FBE162FA43E00B92B7E /* KiipSDK.framework */ = {isa = PBXFileReference; lastKnownFileType = wrapper.framework; name = KiipSDK.framework; path = ../KiipSDK.framework; sourceTree = "<group>"; };
		EECF7FC1162FA4DF00B92B7E /* CoreTelephony.framework */ = {isa = PBXFileReference; lastKnownFileType = wrapper.framework; name = CoreTelephony.framework; path = System/Library/Frameworks/CoreTelephony.framework; sourceTree = SDKROOT; };
		EECF7FC3162FA4E600B92B7E /* QuartzCore.framework */ = {isa = PBXFileReference; lastKnownFileType = wrapper.framework; name = QuartzCore.framework; path = System/Library/Frameworks/QuartzCore.framework; sourceTree = SDKROOT; };
		EECF7FC5162FA4EB00B92B7E /* SystemConfiguration.framework */ = {isa = PBXFileReference; lastKnownFileType = wrapper.framework; name = SystemConfiguration.framework; path = System/Library/Frameworks/SystemConfiguration.framework; sourceTree = SDKROOT; };
/* End PBXFileReference section */

/* Begin PBXFrameworksBuildPhase section */
		EECF7F8D162FA23E00B92B7E /* Frameworks */ = {
			isa = PBXFrameworksBuildPhase;
			buildActionMask = 2147483647;
			files = (
				EEBDC8A717C2C3DB008F195C /* PassKit.framework in Frameworks */,
				EEEE83F8165466F70087765A /* KiipSDK.framework in Frameworks */,
				EEB9CEC817692BD800D4D5F3 /* AdSupport.framework in Frameworks */,
				EECF7FC6162FA4EB00B92B7E /* SystemConfiguration.framework in Frameworks */,
				EECF7FC4162FA4E600B92B7E /* QuartzCore.framework in Frameworks */,
				EECF7FC2162FA4DF00B92B7E /* CoreTelephony.framework in Frameworks */,
				EECF7F95162FA23E00B92B7E /* UIKit.framework in Frameworks */,
				EECF7F97162FA23E00B92B7E /* Foundation.framework in Frameworks */,
				7087D0791E8EFB58004B117D /* MediaPlayer.framework in Frameworks */,
				EECF7F99162FA23E00B92B7E /* CoreGraphics.framework in Frameworks */,
			);
			runOnlyForDeploymentPostprocessing = 0;
		};
/* End PBXFrameworksBuildPhase section */

/* Begin PBXGroup section */
		EECF7F85162FA23E00B92B7E = {
			isa = PBXGroup;
			children = (
				EECF7F9A162FA23E00B92B7E /* SimpleSample */,
				EECF7F93162FA23E00B92B7E /* Frameworks */,
				EECF7F91162FA23E00B92B7E /* Products */,
			);
			sourceTree = "<group>";
		};
		EECF7F91162FA23E00B92B7E /* Products */ = {
			isa = PBXGroup;
			children = (
				EECF7F90162FA23E00B92B7E /* SimpleSample.app */,
			);
			name = Products;
			sourceTree = "<group>";
		};
		EECF7F93162FA23E00B92B7E /* Frameworks */ = {
			isa = PBXGroup;
			children = (
				7087D0781E8EFB58004B117D /* MediaPlayer.framework */,
				7087D0761E8EFAB2004B117D /* CoreMedia.framework */,
				EEBDC8A617C2C3DB008F195C /* PassKit.framework */,
				EEB9CEC717692BD800D4D5F3 /* AdSupport.framework */,
				EECF7FC5162FA4EB00B92B7E /* SystemConfiguration.framework */,
				EECF7FC3162FA4E600B92B7E /* QuartzCore.framework */,
				EECF7FC1162FA4DF00B92B7E /* CoreTelephony.framework */,
				EECF7FBE162FA43E00B92B7E /* KiipSDK.framework */,
				EECF7F94162FA23E00B92B7E /* UIKit.framework */,
				EECF7F96162FA23E00B92B7E /* Foundation.framework */,
				EECF7F98162FA23E00B92B7E /* CoreGraphics.framework */,
				7087D07A1E8EFB80004B117D /* KiipSDKResources.bundle */,
			);
			name = Frameworks;
			sourceTree = "<group>";
		};
		EECF7F9A162FA23E00B92B7E /* SimpleSample */ = {
			isa = PBXGroup;
			children = (
				EECF7FA3162FA23E00B92B7E /* SampleAppDelegate.h */,
				EECF7FA4162FA23E00B92B7E /* SampleAppDelegate.m */,
				EECF7FAC162FA23F00B92B7E /* SampleViewController.h */,
				EECF7FAD162FA23F00B92B7E /* SampleViewController.m */,
				EECF7FAF162FA23F00B92B7E /* SampleViewController.xib */,
				EECF7F9B162FA23E00B92B7E /* Supporting Files */,
			);
			path = SimpleSample;
			sourceTree = "<group>";
		};
		EECF7F9B162FA23E00B92B7E /* Supporting Files */ = {
			isa = PBXGroup;
			children = (
				EECF7F9C162FA23E00B92B7E /* SimpleSample-Info.plist */,
				EECF7F9D162FA23E00B92B7E /* InfoPlist.strings */,
				EECF7FA0162FA23E00B92B7E /* main.m */,
				EECF7FA2162FA23E00B92B7E /* SimpleSample-Prefix.pch */,
				EECF7FA6162FA23E00B92B7E /* Default.png */,
				EECF7FA8162FA23F00B92B7E /* Default@2x.png */,
				EECF7FAA162FA23F00B92B7E /* Default-568h@2x.png */,
			);
			name = "Supporting Files";
			sourceTree = "<group>";
		};
/* End PBXGroup section */

/* Begin PBXNativeTarget section */
		EECF7F8F162FA23E00B92B7E /* SimpleSample */ = {
			isa = PBXNativeTarget;
			buildConfigurationList = EECF7FB7162FA23F00B92B7E /* Build configuration list for PBXNativeTarget "SimpleSample" */;
			buildPhases = (
				EECF7F8C162FA23E00B92B7E /* Sources */,
				EECF7F8D162FA23E00B92B7E /* Frameworks */,
				EECF7F8E162FA23E00B92B7E /* Resources */,
			);
			buildRules = (
			);
			dependencies = (
			);
			name = SimpleSample;
			productName = SimpleSample;
			productReference = EECF7F90162FA23E00B92B7E /* SimpleSample.app */;
			productType = "com.apple.product-type.application";
		};
/* End PBXNativeTarget section */

/* Begin PBXProject section */
		EECF7F87162FA23E00B92B7E /* Project object */ = {
			isa = PBXProject;
			attributes = {
				CLASSPREFIX = KP;
				LastUpgradeCheck = 0510;
				ORGANIZATIONNAME = "Grantland Chew";
			};
			buildConfigurationList = EECF7F8A162FA23E00B92B7E /* Build configuration list for PBXProject "SimpleSample" */;
			compatibilityVersion = "Xcode 3.2";
			developmentRegion = English;
			hasScannedForEncodings = 0;
			knownRegions = (
				en,
			);
			mainGroup = EECF7F85162FA23E00B92B7E;
			productRefGroup = EECF7F91162FA23E00B92B7E /* Products */;
			projectDirPath = "";
			projectRoot = "";
			targets = (
				EECF7F8F162FA23E00B92B7E /* SimpleSample */,
			);
		};
/* End PBXProject section */

/* Begin PBXResourcesBuildPhase section */
		EECF7F8E162FA23E00B92B7E /* Resources */ = {
			isa = PBXResourcesBuildPhase;
			buildActionMask = 2147483647;
			files = (
				EECF7F9F162FA23E00B92B7E /* InfoPlist.strings in Resources */,
				EECF7FA7162FA23E00B92B7E /* Default.png in Resources */,
				EECF7FA9162FA23F00B92B7E /* Default@2x.png in Resources */,
				EECF7FAB162FA23F00B92B7E /* Default-568h@2x.png in Resources */,
				EECF7FB1162FA23F00B92B7E /* SampleViewController.xib in Resources */,
				7087D07B1E8EFB80004B117D /* KiipSDKResources.bundle in Resources */,
			);
			runOnlyForDeploymentPostprocessing = 0;
		};
/* End PBXResourcesBuildPhase section */

/* Begin PBXSourcesBuildPhase section */
		EECF7F8C162FA23E00B92B7E /* Sources */ = {
			isa = PBXSourcesBuildPhase;
			buildActionMask = 2147483647;
			files = (
				EECF7FA1162FA23E00B92B7E /* main.m in Sources */,
				EECF7FA5162FA23E00B92B7E /* SampleAppDelegate.m in Sources */,
				EECF7FAE162FA23F00B92B7E /* SampleViewController.m in Sources */,
			);
			runOnlyForDeploymentPostprocessing = 0;
		};
/* End PBXSourcesBuildPhase section */

/* Begin PBXVariantGroup section */
		EECF7F9D162FA23E00B92B7E /* InfoPlist.strings */ = {
			isa = PBXVariantGroup;
			children = (
				EECF7F9E162FA23E00B92B7E /* en */,
			);
			name = InfoPlist.strings;
			sourceTree = "<group>";
		};
		EECF7FAF162FA23F00B92B7E /* SampleViewController.xib */ = {
			isa = PBXVariantGroup;
			children = (
				EECF7FB0162FA23F00B92B7E /* en */,
			);
			name = SampleViewController.xib;
			sourceTree = "<group>";
		};
/* End PBXVariantGroup section */

/* Begin XCBuildConfiguration section */
		EECF7FB5162FA23F00B92B7E /* Debug */ = {
			isa = XCBuildConfiguration;
			buildSettings = {
				ALWAYS_SEARCH_USER_PATHS = NO;
				CLANG_CXX_LANGUAGE_STANDARD = "gnu++0x";
				CLANG_CXX_LIBRARY = "libc++";
				CLANG_ENABLE_OBJC_ARC = YES;
				CLANG_WARN_EMPTY_BODY = YES;
				CLANG_WARN__DUPLICATE_METHOD_MATCH = YES;
				"CODE_SIGN_IDENTITY[sdk=iphoneos*]" = "iPhone Developer";
				COPY_PHASE_STRIP = NO;
				GCC_C_LANGUAGE_STANDARD = gnu99;
				GCC_DYNAMIC_NO_PIC = NO;
				GCC_OPTIMIZATION_LEVEL = 0;
				GCC_PREPROCESSOR_DEFINITIONS = (
					"DEBUG=1",
					"$(inherited)",
				);
				GCC_SYMBOLS_PRIVATE_EXTERN = NO;
				GCC_WARN_ABOUT_RETURN_TYPE = YES;
				GCC_WARN_UNINITIALIZED_AUTOS = YES;
				GCC_WARN_UNUSED_VARIABLE = YES;
				IPHONEOS_DEPLOYMENT_TARGET = 6.0;
				ONLY_ACTIVE_ARCH = YES;
				SDKROOT = iphoneos;
				TARGETED_DEVICE_FAMILY = "1,2";
			};
			name = Debug;
		};
		EECF7FB6162FA23F00B92B7E /* Release */ = {
			isa = XCBuildConfiguration;
			buildSettings = {
				ALWAYS_SEARCH_USER_PATHS = NO;
				CLANG_CXX_LANGUAGE_STANDARD = "gnu++0x";
				CLANG_CXX_LIBRARY = "libc++";
				CLANG_ENABLE_OBJC_ARC = YES;
				CLANG_WARN_EMPTY_BODY = YES;
				CLANG_WARN__DUPLICATE_METHOD_MATCH = YES;
				"CODE_SIGN_IDENTITY[sdk=iphoneos*]" = "iPhone Developer";
				COPY_PHASE_STRIP = YES;
				GCC_C_LANGUAGE_STANDARD = gnu99;
				GCC_WARN_ABOUT_RETURN_TYPE = YES;
				GCC_WARN_UNINITIALIZED_AUTOS = YES;
				GCC_WARN_UNUSED_VARIABLE = YES;
				IPHONEOS_DEPLOYMENT_TARGET = 6.0;
				OTHER_CFLAGS = "-DNS_BLOCK_ASSERTIONS=1";
				SDKROOT = iphoneos;
				TARGETED_DEVICE_FAMILY = "1,2";
				VALIDATE_PRODUCT = YES;
			};
			name = Release;
		};
		EECF7FB8162FA23F00B92B7E /* Debug */ = {
			isa = XCBuildConfiguration;
			buildSettings = {
				CODE_SIGN_IDENTITY = "iPhone Developer";
				FRAMEWORK_SEARCH_PATHS = (
					"$(inherited)",
					"\"$(SRCROOT)/..\"",
				);
				GCC_PRECOMPILE_PREFIX_HEADER = YES;
				GCC_PREFIX_HEADER = "SimpleSample/SimpleSample-Prefix.pch";
				INFOPLIST_FILE = "SimpleSample/SimpleSample-Info.plist";
				IPHONEOS_DEPLOYMENT_TARGET = 4.3;
				OTHER_LDFLAGS = "";
				PRODUCT_NAME = "$(TARGET_NAME)";
				PROVISIONING_PROFILE = "";
				WRAPPER_EXTENSION = app;
			};
			name = Debug;
		};
		EECF7FB9162FA23F00B92B7E /* Release */ = {
			isa = XCBuildConfiguration;
			buildSettings = {
				FRAMEWORK_SEARCH_PATHS = (
					"$(inherited)",
					"\"$(SRCROOT)/..\"",
				);
				GCC_PRECOMPILE_PREFIX_HEADER = YES;
				GCC_PREFIX_HEADER = "SimpleSample/SimpleSample-Prefix.pch";
				INFOPLIST_FILE = "SimpleSample/SimpleSample-Info.plist";
				IPHONEOS_DEPLOYMENT_TARGET = 5.1;
				OTHER_LDFLAGS = "";
				PRODUCT_NAME = "$(TARGET_NAME)";
				WRAPPER_EXTENSION = app;
			};
			name = Release;
		};
/* End XCBuildConfiguration section */

/* Begin XCConfigurationList section */
		EECF7F8A162FA23E00B92B7E /* Build configuration list for PBXProject "SimpleSample" */ = {
			isa = XCConfigurationList;
			buildConfigurations = (
				EECF7FB5162FA23F00B92B7E /* Debug */,
				EECF7FB6162FA23F00B92B7E /* Release */,
			);
			defaultConfigurationIsVisible = 0;
			defaultConfigurationName = Release;
		};
		EECF7FB7162FA23F00B92B7E /* Build configuration list for PBXNativeTarget "SimpleSample" */ = {
			isa = XCConfigurationList;
			buildConfigurations = (
				EECF7FB8162FA23F00B92B7E /* Debug */,
				EECF7FB9162FA23F00B92B7E /* Release */,
			);
			defaultConfigurationIsVisible = 0;
			defaultConfigurationName = Release;
		};
/* End XCConfigurationList section */
	};
	rootObject = EECF7F87162FA23E00B92B7E /* Project object */;
}
