// !$*UTF8*$!
{
	archiveVersion = 1;
	classes = {
	};
	objectVersion = 46;
	objects = {

/* Begin PBXBuildFile section */
		152DDC021980704D0033A9AD /* AppDelegate.swift in Sources */ = {isa = PBXBuildFile; fileRef = 152DDC011980704D0033A9AD /* AppDelegate.swift */; };
		152DDC041980704D0033A9AD /* ViewController.swift in Sources */ = {isa = PBXBuildFile; fileRef = 152DDC031980704D0033A9AD /* ViewController.swift */; };
		152DDC071980704D0033A9AD /* Main.storyboard in Resources */ = {isa = PBXBuildFile; fileRef = 152DDC051980704D0033A9AD /* Main.storyboard */; };
		152DDC091980704D0033A9AD /* Images.xcassets in Resources */ = {isa = PBXBuildFile; fileRef = 152DDC081980704D0033A9AD /* Images.xcassets */; };
		152DDC22198079260033A9AD /* UIKit.framework in Frameworks */ = {isa = PBXBuildFile; fileRef = 152DDC21198079260033A9AD /* UIKit.framework */; };
		152DDC2819807BDE0033A9AD /* Foundation.framework in Frameworks */ = {isa = PBXBuildFile; fileRef = 152DDC2719807BDE0033A9AD /* Foundation.framework */; };
		152DDC2C19807C1A0033A9AD /* MediaPlayer.framework in Frameworks */ = {isa = PBXBuildFile; fileRef = 152DDC2B19807C1A0033A9AD /* MediaPlayer.framework */; };
		152DDC2E19807C1E0033A9AD /* PassKit.framework in Frameworks */ = {isa = PBXBuildFile; fileRef = 152DDC2D19807C1E0033A9AD /* PassKit.framework */; };
		152DDC3019807C270033A9AD /* SystemConfiguration.framework in Frameworks */ = {isa = PBXBuildFile; fileRef = 152DDC2F19807C270033A9AD /* SystemConfiguration.framework */; };
		152DDC3219807C2C0033A9AD /* QuartzCore.framework in Frameworks */ = {isa = PBXBuildFile; fileRef = 152DDC3119807C2C0033A9AD /* QuartzCore.framework */; };
		152DDC3419807C350033A9AD /* CoreTelephony.framework in Frameworks */ = {isa = PBXBuildFile; fileRef = 152DDC3319807C350033A9AD /* CoreTelephony.framework */; };
		1559FFF0198183F000E3A7DA /* KiipSDK.framework in Frameworks */ = {isa = PBXBuildFile; fileRef = 1559FFEF198183F000E3A7DA /* KiipSDK.framework */; };
		1559FFF2198183F900E3A7DA /* KiipSDKResources.bundle in Resources */ = {isa = PBXBuildFile; fileRef = 1559FFF1198183F900E3A7DA /* KiipSDKResources.bundle */; };
		1559FFF519818B4F00E3A7DA /* AdSupport.framework in Frameworks */ = {isa = PBXBuildFile; fileRef = 1559FFF419818B4F00E3A7DA /* AdSupport.framework */; };
		15B2C3401986E769000ED2A6 /* KPCustomNotificationView.swift in Sources */ = {isa = PBXBuildFile; fileRef = 15B2C33F1986E769000ED2A6 /* KPCustomNotificationView.swift */; };
/* End PBXBuildFile section */

/* Begin PBXFileReference section */
		152DDBFC1980704D0033A9AD /* CustomSwiftSample.app */ = {isa = PBXFileReference; explicitFileType = wrapper.application; includeInIndex = 0; path = CustomSwiftSample.app; sourceTree = BUILT_PRODUCTS_DIR; };
		152DDC001980704D0033A9AD /* Info.plist */ = {isa = PBXFileReference; lastKnownFileType = text.plist.xml; path = Info.plist; sourceTree = "<group>"; };
		152DDC011980704D0033A9AD /* AppDelegate.swift */ = {isa = PBXFileReference; lastKnownFileType = sourcecode.swift; path = AppDelegate.swift; sourceTree = "<group>"; };
		152DDC031980704D0033A9AD /* ViewController.swift */ = {isa = PBXFileReference; lastKnownFileType = sourcecode.swift; path = ViewController.swift; sourceTree = "<group>"; };
		152DDC061980704D0033A9AD /* Base */ = {isa = PBXFileReference; lastKnownFileType = file.storyboard; name = Base; path = Base.lproj/Main.storyboard; sourceTree = "<group>"; };
		152DDC081980704D0033A9AD /* Images.xcassets */ = {isa = PBXFileReference; lastKnownFileType = folder.assetcatalog; path = Images.xcassets; sourceTree = "<group>"; };
		152DDC21198079260033A9AD /* UIKit.framework */ = {isa = PBXFileReference; lastKnownFileType = wrapper.framework; name = UIKit.framework; path = System/Library/Frameworks/UIKit.framework; sourceTree = SDKROOT; };
		152DDC2719807BDE0033A9AD /* Foundation.framework */ = {isa = PBXFileReference; lastKnownFileType = wrapper.framework; name = Foundation.framework; path = System/Library/Frameworks/Foundation.framework; sourceTree = SDKROOT; };
		152DDC2B19807C1A0033A9AD /* MediaPlayer.framework */ = {isa = PBXFileReference; lastKnownFileType = wrapper.framework; name = MediaPlayer.framework; path = System/Library/Frameworks/MediaPlayer.framework; sourceTree = SDKROOT; };
		152DDC2D19807C1E0033A9AD /* PassKit.framework */ = {isa = PBXFileReference; lastKnownFileType = wrapper.framework; name = PassKit.framework; path = System/Library/Frameworks/PassKit.framework; sourceTree = SDKROOT; };
		152DDC2F19807C270033A9AD /* SystemConfiguration.framework */ = {isa = PBXFileReference; lastKnownFileType = wrapper.framework; name = SystemConfiguration.framework; path = System/Library/Frameworks/SystemConfiguration.framework; sourceTree = SDKROOT; };
		152DDC3119807C2C0033A9AD /* QuartzCore.framework */ = {isa = PBXFileReference; lastKnownFileType = wrapper.framework; name = QuartzCore.framework; path = System/Library/Frameworks/QuartzCore.framework; sourceTree = SDKROOT; };
		152DDC3319807C350033A9AD /* CoreTelephony.framework */ = {isa = PBXFileReference; lastKnownFileType = wrapper.framework; name = CoreTelephony.framework; path = System/Library/Frameworks/CoreTelephony.framework; sourceTree = SDKROOT; };
		1559FFEF198183F000E3A7DA /* KiipSDK.framework */ = {isa = PBXFileReference; lastKnownFileType = wrapper.framework; name = KiipSDK.framework; path = "../../../../Downloads/Kiip-iOS-SDK/KiipSDK.framework"; sourceTree = "<group>"; };
		1559FFF1198183F900E3A7DA /* KiipSDKResources.bundle */ = {isa = PBXFileReference; lastKnownFileType = "wrapper.plug-in"; name = KiipSDKResources.bundle; path = "../../../../Downloads/Kiip-iOS-SDK/KiipSDK.framework/Versions/A/Resources/KiipSDKResources.bundle"; sourceTree = "<group>"; };
		1559FFF31981885000E3A7DA /* CustomSwiftSample-Bridging-Header.h */ = {isa = PBXFileReference; lastKnownFileType = sourcecode.c.h; path = "CustomSwiftSample-Bridging-Header.h"; sourceTree = "<group>"; };
		1559FFF419818B4F00E3A7DA /* AdSupport.framework */ = {isa = PBXFileReference; lastKnownFileType = wrapper.framework; name = AdSupport.framework; path = System/Library/Frameworks/AdSupport.framework; sourceTree = SDKROOT; };
		15B2C33F1986E769000ED2A6 /* KPCustomNotificationView.swift */ = {isa = PBXFileReference; fileEncoding = 4; lastKnownFileType = sourcecode.swift; path = KPCustomNotificationView.swift; sourceTree = "<group>"; };
/* End PBXFileReference section */

/* Begin PBXFrameworksBuildPhase section */
		152DDBF91980704D0033A9AD /* Frameworks */ = {
			isa = PBXFrameworksBuildPhase;
			buildActionMask = 2147483647;
			files = (
				1559FFF519818B4F00E3A7DA /* AdSupport.framework in Frameworks */,
				152DDC3419807C350033A9AD /* CoreTelephony.framework in Frameworks */,
				152DDC3219807C2C0033A9AD /* QuartzCore.framework in Frameworks */,
				152DDC3019807C270033A9AD /* SystemConfiguration.framework in Frameworks */,
				152DDC2E19807C1E0033A9AD /* PassKit.framework in Frameworks */,
				1559FFF0198183F000E3A7DA /* KiipSDK.framework in Frameworks */,
				152DDC2C19807C1A0033A9AD /* MediaPlayer.framework in Frameworks */,
				152DDC2819807BDE0033A9AD /* Foundation.framework in Frameworks */,
				152DDC22198079260033A9AD /* UIKit.framework in Frameworks */,
			);
			runOnlyForDeploymentPostprocessing = 0;
		};
/* End PBXFrameworksBuildPhase section */

/* Begin PBXGroup section */
		152DDBF31980704D0033A9AD = {
			isa = PBXGroup;
			children = (
				1559FFF1198183F900E3A7DA /* KiipSDKResources.bundle */,
				152DDBFE1980704D0033A9AD /* CustomSwiftSample */,
				152DDC231980792D0033A9AD /* Frameworks */,
				152DDBFD1980704D0033A9AD /* Products */,
			);
			sourceTree = "<group>";
		};
		152DDBFD1980704D0033A9AD /* Products */ = {
			isa = PBXGroup;
			children = (
				152DDBFC1980704D0033A9AD /* CustomSwiftSample.app */,
			);
			name = Products;
			sourceTree = "<group>";
		};
		152DDBFE1980704D0033A9AD /* CustomSwiftSample */ = {
			isa = PBXGroup;
			children = (
				152DDC011980704D0033A9AD /* AppDelegate.swift */,
				152DDC031980704D0033A9AD /* ViewController.swift */,
				15B2C33F1986E769000ED2A6 /* KPCustomNotificationView.swift */,
				152DDC051980704D0033A9AD /* Main.storyboard */,
				152DDC081980704D0033A9AD /* Images.xcassets */,
				152DDBFF1980704D0033A9AD /* Supporting Files */,
				1559FFF31981885000E3A7DA /* CustomSwiftSample-Bridging-Header.h */,
			);
			path = CustomSwiftSample;
			sourceTree = "<group>";
		};
		152DDBFF1980704D0033A9AD /* Supporting Files */ = {
			isa = PBXGroup;
			children = (
				152DDC001980704D0033A9AD /* Info.plist */,
			);
			name = "Supporting Files";
			sourceTree = "<group>";
		};
		152DDC231980792D0033A9AD /* Frameworks */ = {
			isa = PBXGroup;
			children = (
				1559FFF419818B4F00E3A7DA /* AdSupport.framework */,
				1559FFEF198183F000E3A7DA /* KiipSDK.framework */,
				152DDC3319807C350033A9AD /* CoreTelephony.framework */,
				152DDC3119807C2C0033A9AD /* QuartzCore.framework */,
				152DDC2F19807C270033A9AD /* SystemConfiguration.framework */,
				152DDC2D19807C1E0033A9AD /* PassKit.framework */,
				152DDC2B19807C1A0033A9AD /* MediaPlayer.framework */,
				152DDC2719807BDE0033A9AD /* Foundation.framework */,
				152DDC21198079260033A9AD /* UIKit.framework */,
			);
			name = Frameworks;
			sourceTree = "<group>";
		};
/* End PBXGroup section */

/* Begin PBXNativeTarget section */
		152DDBFB1980704D0033A9AD /* CustomSwiftSample */ = {
			isa = PBXNativeTarget;
			buildConfigurationList = 152DDC181980704E0033A9AD /* Build configuration list for PBXNativeTarget "CustomSwiftSample" */;
			buildPhases = (
				152DDBF81980704D0033A9AD /* Sources */,
				152DDBF91980704D0033A9AD /* Frameworks */,
				152DDBFA1980704D0033A9AD /* Resources */,
			);
			buildRules = (
			);
			dependencies = (
			);
			name = CustomSwiftSample;
			productName = CustomSwiftSample;
			productReference = 152DDBFC1980704D0033A9AD /* CustomSwiftSample.app */;
			productType = "com.apple.product-type.application";
		};
/* End PBXNativeTarget section */

/* Begin PBXProject section */
		152DDBF41980704D0033A9AD /* Project object */ = {
			isa = PBXProject;
			attributes = {
				LastUpgradeCheck = 0600;
				ORGANIZATIONNAME = kiip;
				TargetAttributes = {
					152DDBFB1980704D0033A9AD = {
						CreatedOnToolsVersion = 6.0;
					};
				};
			};
			buildConfigurationList = 152DDBF71980704D0033A9AD /* Build configuration list for PBXProject "CustomSwiftSample" */;
			compatibilityVersion = "Xcode 3.2";
			developmentRegion = English;
			hasScannedForEncodings = 0;
			knownRegions = (
				en,
				Base,
			);
			mainGroup = 152DDBF31980704D0033A9AD;
			productRefGroup = 152DDBFD1980704D0033A9AD /* Products */;
			projectDirPath = "";
			projectRoot = "";
			targets = (
				152DDBFB1980704D0033A9AD /* CustomSwiftSample */,
			);
		};
/* End PBXProject section */

/* Begin PBXResourcesBuildPhase section */
		152DDBFA1980704D0033A9AD /* Resources */ = {
			isa = PBXResourcesBuildPhase;
			buildActionMask = 2147483647;
			files = (
				1559FFF2198183F900E3A7DA /* KiipSDKResources.bundle in Resources */,
				152DDC071980704D0033A9AD /* Main.storyboard in Resources */,
				152DDC091980704D0033A9AD /* Images.xcassets in Resources */,
			);
			runOnlyForDeploymentPostprocessing = 0;
		};
/* End PBXResourcesBuildPhase section */

/* Begin PBXSourcesBuildPhase section */
		152DDBF81980704D0033A9AD /* Sources */ = {
			isa = PBXSourcesBuildPhase;
			buildActionMask = 2147483647;
			files = (
				152DDC041980704D0033A9AD /* ViewController.swift in Sources */,
				152DDC021980704D0033A9AD /* AppDelegate.swift in Sources */,
				15B2C3401986E769000ED2A6 /* KPCustomNotificationView.swift in Sources */,
			);
			runOnlyForDeploymentPostprocessing = 0;
		};
/* End PBXSourcesBuildPhase section */

/* Begin PBXVariantGroup section */
		152DDC051980704D0033A9AD /* Main.storyboard */ = {
			isa = PBXVariantGroup;
			children = (
				152DDC061980704D0033A9AD /* Base */,
			);
			name = Main.storyboard;
			sourceTree = "<group>";
		};
/* End PBXVariantGroup section */

/* Begin XCBuildConfiguration section */
		152DDC161980704E0033A9AD /* Debug */ = {
			isa = XCBuildConfiguration;
			buildSettings = {
				ALWAYS_SEARCH_USER_PATHS = NO;
				CLANG_CXX_LANGUAGE_STANDARD = "gnu++0x";
				CLANG_CXX_LIBRARY = "libc++";
				CLANG_ENABLE_MODULES = YES;
				CLANG_ENABLE_OBJC_ARC = YES;
				CLANG_WARN_BOOL_CONVERSION = YES;
				CLANG_WARN_CONSTANT_CONVERSION = YES;
				CLANG_WARN_DIRECT_OBJC_ISA_USAGE = YES_ERROR;
				CLANG_WARN_EMPTY_BODY = YES;
				CLANG_WARN_ENUM_CONVERSION = YES;
				CLANG_WARN_INT_CONVERSION = YES;
				CLANG_WARN_OBJC_ROOT_CLASS = YES_ERROR;
				CLANG_WARN_UNREACHABLE_CODE = YES;
				CLANG_WARN__DUPLICATE_METHOD_MATCH = YES;
				"CODE_SIGN_IDENTITY[sdk=iphoneos*]" = "iPhone Developer";
				COPY_PHASE_STRIP = NO;
				ENABLE_STRICT_OBJC_MSGSEND = YES;
				GCC_C_LANGUAGE_STANDARD = gnu99;
				GCC_DYNAMIC_NO_PIC = NO;
				GCC_OPTIMIZATION_LEVEL = 0;
				GCC_PREPROCESSOR_DEFINITIONS = (
					"DEBUG=1",
					"$(inherited)",
				);
				GCC_SYMBOLS_PRIVATE_EXTERN = NO;
				GCC_WARN_64_TO_32_BIT_CONVERSION = YES;
				GCC_WARN_ABOUT_RETURN_TYPE = YES_ERROR;
				GCC_WARN_UNDECLARED_SELECTOR = YES;
				GCC_WARN_UNINITIALIZED_AUTOS = YES_AGGRESSIVE;
				GCC_WARN_UNUSED_FUNCTION = YES;
				GCC_WARN_UNUSED_VARIABLE = YES;
				IPHONEOS_DEPLOYMENT_TARGET = 8.0;
				MTL_ENABLE_DEBUG_INFO = YES;
				ONLY_ACTIVE_ARCH = YES;
				SDKROOT = iphoneos;
				SWIFT_OPTIMIZATION_LEVEL = "-Onone";
				TARGETED_DEVICE_FAMILY = "1,2";
			};
			name = Debug;
		};
		152DDC171980704E0033A9AD /* Release */ = {
			isa = XCBuildConfiguration;
			buildSettings = {
				ALWAYS_SEARCH_USER_PATHS = NO;
				CLANG_CXX_LANGUAGE_STANDARD = "gnu++0x";
				CLANG_CXX_LIBRARY = "libc++";
				CLANG_ENABLE_MODULES = YES;
				CLANG_ENABLE_OBJC_ARC = YES;
				CLANG_WARN_BOOL_CONVERSION = YES;
				CLANG_WARN_CONSTANT_CONVERSION = YES;
				CLANG_WARN_DIRECT_OBJC_ISA_USAGE = YES_ERROR;
				CLANG_WARN_EMPTY_BODY = YES;
				CLANG_WARN_ENUM_CONVERSION = YES;
				CLANG_WARN_INT_CONVERSION = YES;
				CLANG_WARN_OBJC_ROOT_CLASS = YES_ERROR;
				CLANG_WARN_UNREACHABLE_CODE = YES;
				CLANG_WARN__DUPLICATE_METHOD_MATCH = YES;
				"CODE_SIGN_IDENTITY[sdk=iphoneos*]" = "iPhone Developer";
				COPY_PHASE_STRIP = YES;
				ENABLE_NS_ASSERTIONS = NO;
				ENABLE_STRICT_OBJC_MSGSEND = YES;
				GCC_C_LANGUAGE_STANDARD = gnu99;
				GCC_WARN_64_TO_32_BIT_CONVERSION = YES;
				GCC_WARN_ABOUT_RETURN_TYPE = YES_ERROR;
				GCC_WARN_UNDECLARED_SELECTOR = YES;
				GCC_WARN_UNINITIALIZED_AUTOS = YES_AGGRESSIVE;
				GCC_WARN_UNUSED_FUNCTION = YES;
				GCC_WARN_UNUSED_VARIABLE = YES;
				IPHONEOS_DEPLOYMENT_TARGET = 8.0;
				MTL_ENABLE_DEBUG_INFO = NO;
				SDKROOT = iphoneos;
				TARGETED_DEVICE_FAMILY = "1,2";
				VALIDATE_PRODUCT = YES;
			};
			name = Release;
		};
		152DDC191980704E0033A9AD /* Debug */ = {
			isa = XCBuildConfiguration;
			buildSettings = {
				ASSETCATALOG_COMPILER_APPICON_NAME = AppIcon;
				ASSETCATALOG_COMPILER_LAUNCHIMAGE_NAME = LaunchImage;
				FRAMEWORK_SEARCH_PATHS = (
					"$(inherited)",
					"$(PROJECT_DIR)",
					"/Users/sahilverma/Downloads/Kiip-iOS-SDK",
				);
				INFOPLIST_FILE = CustomSwiftSample/Info.plist;
				LD_RUNPATH_SEARCH_PATHS = "$(inherited) @executable_path/Frameworks";
				PRODUCT_NAME = "$(TARGET_NAME)";
				SWIFT_OBJC_BRIDGING_HEADER = "CustomSwiftSample/CustomSwiftSample-Bridging-Header.h";
			};
			name = Debug;
		};
		152DDC1A1980704E0033A9AD /* Release */ = {
			isa = XCBuildConfiguration;
			buildSettings = {
				ASSETCATALOG_COMPILER_APPICON_NAME = AppIcon;
				ASSETCATALOG_COMPILER_LAUNCHIMAGE_NAME = LaunchImage;
				FRAMEWORK_SEARCH_PATHS = (
					"$(inherited)",
					"$(PROJECT_DIR)",
					"/Users/sahilverma/Downloads/Kiip-iOS-SDK",
				);
				INFOPLIST_FILE = CustomSwiftSample/Info.plist;
				LD_RUNPATH_SEARCH_PATHS = "$(inherited) @executable_path/Frameworks";
				PRODUCT_NAME = "$(TARGET_NAME)";
				SWIFT_OBJC_BRIDGING_HEADER = "CustomSwiftSample/CustomSwiftSample-Bridging-Header.h";
			};
			name = Release;
		};
/* End XCBuildConfiguration section */

/* Begin XCConfigurationList section */
		152DDBF71980704D0033A9AD /* Build configuration list for PBXProject "CustomSwiftSample" */ = {
			isa = XCConfigurationList;
			buildConfigurations = (
				152DDC161980704E0033A9AD /* Debug */,
				152DDC171980704E0033A9AD /* Release */,
			);
			defaultConfigurationIsVisible = 0;
			defaultConfigurationName = Release;
		};
		152DDC181980704E0033A9AD /* Build configuration list for PBXNativeTarget "CustomSwiftSample" */ = {
			isa = XCConfigurationList;
			buildConfigurations = (
				152DDC191980704E0033A9AD /* Debug */,
				152DDC1A1980704E0033A9AD /* Release */,
			);
			defaultConfigurationIsVisible = 0;
			defaultConfigurationName = Release;
		};
/* End XCConfigurationList section */
	};
	rootObject = 152DDBF41980704D0033A9AD /* Project object */;
}
